
Microsoft Visual Studio Solution File, Format Version 12.00
# Visual Studio Version 17
VisualStudioVersion = 17.6.33723.286
MinimumVisualStudioVersion = 10.0.40219.1
Project("{8BC9CEB8-8B4A-11D0-8D11-00A0C91BC942}") = "230609_work", "230609_work\230609_work.vcxproj", "{FD03874A-BEDE-49E0-A1C1-D2DA14BAD7EA}"
EndProject
Global
	GlobalSection(SolutionConfigurationPlatforms) = preSolution
		Debug|x64 = Debug|x64
		Debug|x86 = Debug|x86
		Release|x64 = Release|x64
		Release|x86 = Release|x86
	EndGlobalSection
	GlobalSection(ProjectConfigurationPlatforms) = postSolution
		{FD03874A-BEDE-49E0-A1C1-D2DA14BAD7EA}.Debug|x64.ActiveCfg = Debug|x64
		{FD03874A-BEDE-49E0-A1C1-D2DA14BAD7EA}.Debug|x64.Build.0 = Debug|x64
		{FD03874A-BEDE-49E0-A1C1-D2DA14BAD7EA}.Debug|x86.ActiveCfg = Debug|Win32
		{FD03874A-BEDE-49E0-A1C1-D2DA14BAD7EA}.Debug|x86.Build.0 = Debug|Win32
		{FD03874A-BEDE-49E0-A1C1-D2DA14BAD7EA}.Release|x64.ActiveCfg = Release|x64
		{FD03874A-BEDE-49E0-A1C1-D2DA14BAD7EA}.Release|x64.Build.0 = Release|x64
		{FD03874A-BEDE-49E0-A1C1-D2DA14BAD7EA}.Release|x86.ActiveCfg = Release|Win32
		{FD03874A-BEDE-49E0-A1C1-D2DA14BAD7EA}.Release|x86.Build.0 = Release|Win32
	EndGlobalSection
	GlobalSection(SolutionProperties) = preSolution
		HideSolutionNode = FALSE
	EndGlobalSection
	GlobalSection(ExtensibilityGlobals) = postSolution
		SolutionGuid = {0BD6F65D-61E8-4434-AE9E-61D28275652F}
	EndGlobalSection
EndGlobal
