
Microsoft Visual Studio Solution File, Format Version 12.00
# Visual Studio Version 17
VisualStudioVersion = 17.6.33723.286
MinimumVisualStudioVersion = 10.0.40219.1
Project("{8BC9CEB8-8B4A-11D0-8D11-00A0C91BC942}") = "230612_replay_study", "230612_replay_study\230612_replay_study.vcxproj", "{6FCACBCE-F791-4F81-8D5B-1B8536958BCB}"
EndProject
Global
	GlobalSection(SolutionConfigurationPlatforms) = preSolution
		Debug|x64 = Debug|x64
		Debug|x86 = Debug|x86
		Release|x64 = Release|x64
		Release|x86 = Release|x86
	EndGlobalSection
	GlobalSection(ProjectConfigurationPlatforms) = postSolution
		{6FCACBCE-F791-4F81-8D5B-1B8536958BCB}.Debug|x64.ActiveCfg = Debug|x64
		{6FCACBCE-F791-4F81-8D5B-1B8536958BCB}.Debug|x64.Build.0 = Debug|x64
		{6FCACBCE-F791-4F81-8D5B-1B8536958BCB}.Debug|x86.ActiveCfg = Debug|Win32
		{6FCACBCE-F791-4F81-8D5B-1B8536958BCB}.Debug|x86.Build.0 = Debug|Win32
		{6FCACBCE-F791-4F81-8D5B-1B8536958BCB}.Release|x64.ActiveCfg = Release|x64
		{6FCACBCE-F791-4F81-8D5B-1B8536958BCB}.Release|x64.Build.0 = Release|x64
		{6FCACBCE-F791-4F81-8D5B-1B8536958BCB}.Release|x86.ActiveCfg = Release|Win32
		{6FCACBCE-F791-4F81-8D5B-1B8536958BCB}.Release|x86.Build.0 = Release|Win32
	EndGlobalSection
	GlobalSection(SolutionProperties) = preSolution
		HideSolutionNode = FALSE
	EndGlobalSection
	GlobalSection(ExtensibilityGlobals) = postSolution
		SolutionGuid = {83AF5E86-47BF-4ECB-871B-6839E6632C69}
	EndGlobalSection
EndGlobal
